
Microsoft Visual Studio Solution File, Format Version 12.00
# Visual Studio Version 17
VisualStudioVersion = 17.2.32616.157
MinimumVisualStudioVersion = 10.0.40219.1
Project("{FAE04EC0-301F-11D3-BF4B-00C04F79EFBC}") = "SampleAPI", "SampleAPI\SampleAPI.csproj", "{8295774B-F6C9-4A28-A0F3-A6BC82223689}"
EndProject
Global
	GlobalSection(SolutionConfigurationPlatforms) = preSolution
		Debug|Any CPU = Debug|Any CPU
		Release|Any CPU = Release|Any CPU
	EndGlobalSection
	GlobalSection(ProjectConfigurationPlatforms) = postSolution
		{8295774B-F6C9-4A28-A0F3-A6BC82223689}.Debug|Any CPU.ActiveCfg = Debug|Any CPU
		{8295774B-F6C9-4A28-A0F3-A6BC82223689}.Debug|Any CPU.Build.0 = Debug|Any CPU
		{8295774B-F6C9-4A28-A0F3-A6BC82223689}.Release|Any CPU.ActiveCfg = Release|Any CPU
		{8295774B-F6C9-4A28-A0F3-A6BC82223689}.Release|Any CPU.Build.0 = Release|Any CPU
	EndGlobalSection
	GlobalSection(SolutionProperties) = preSolution
		HideSolutionNode = FALSE
	EndGlobalSection
	GlobalSection(ExtensibilityGlobals) = postSolution
		SolutionGuid = {2C930E81-70F9-498B-8525-875EEF6C9122}
	EndGlobalSection
EndGlobal
